
Microsoft Visual Studio Solution File, Format Version 12.00
# Visual Studio Version 17
VisualStudioVersion = 17.12.35707.178
MinimumVisualStudioVersion = 10.0.40219.1
Project("{FAE04EC0-301F-11D3-BF4B-00C04F79EFBC}") = "UvfLib.Vault", "UvfLib.Vault\UvfLib.Vault.csproj", "{3E457A03-7DDB-4147-9AD0-EF4F82ED827D}"
EndProject
Project("{FAE04EC0-301F-11D3-BF4B-00C04F79EFBC}") = "UvfConsole", "UvfConsole\UvfConsole.csproj", "{A54BE64A-0358-4F66-A83F-E610C842F922}"
EndProject
Project("{FAE04EC0-301F-11D3-BF4B-00C04F79EFBC}") = "UvfLib.Tests", "UvfLib.Tests\UvfLib.Tests.csproj", "{545A3638-ACE2-494C-ABE7-FC47BED0005B}"
EndProject
Project("{FAE04EC0-301F-11D3-BF4B-00C04F79EFBC}") = "UvfLib.Core", "UvfLib.Core\UvfLib.Core.csproj", "{0C07CF89-D981-47D9-AA73-3F9E673A6E68}"
EndProject
Project("{FAE04EC0-301F-11D3-BF4B-00C04F79EFBC}") = "UvfLib.Master", "UvfLib.Master\UvfLib.Master.csproj", "{02808B11-6792-4B5C-BD7F-CD6E304DF3D1}"
EndProject
Project("{FAE04EC0-301F-11D3-BF4B-00C04F79EFBC}") = "ExampleVaultApp", "ExampleVaultApp\ExampleVaultApp.csproj", "{81DF8288-AE35-42D1-BDE5-1BA3DA8875CA}"
EndProject
Project("{FAE04EC0-301F-11D3-BF4B-00C04F79EFBC}") = "DemoApp", "DemoApp\DemoApp.csproj", "{C5E72A1C-ADD1-4A82-B547-83735196E62C}"
EndProject
Project("{FAE04EC0-301F-11D3-BF4B-00C04F79EFBC}") = "StorageLib", "..\..\FolderMagic\FolderMagic\StorageLib\StorageLib.csproj", "{42082C89-A699-0121-A260-7DC550ADA847}"
EndProject
Global
	GlobalSection(SolutionConfigurationPlatforms) = preSolution
		Benchmark|Any CPU = Benchmark|Any CPU
		Benchmark|x64 = Benchmark|x64
		Benchmark|x86 = Benchmark|x86
		Debug|Any CPU = Debug|Any CPU
		Debug|x64 = Debug|x64
		Debug|x86 = Debug|x86
		Release|Any CPU = Release|Any CPU
		Release|x64 = Release|x64
		Release|x86 = Release|x86
	EndGlobalSection
	GlobalSection(ProjectConfigurationPlatforms) = postSolution
		{3E457A03-7DDB-4147-9AD0-EF4F82ED827D}.Benchmark|Any CPU.ActiveCfg = Release|Any CPU
		{3E457A03-7DDB-4147-9AD0-EF4F82ED827D}.Benchmark|Any CPU.Build.0 = Release|Any CPU
		{3E457A03-7DDB-4147-9AD0-EF4F82ED827D}.Benchmark|x64.ActiveCfg = Benchmark|Any CPU
		{3E457A03-7DDB-4147-9AD0-EF4F82ED827D}.Benchmark|x64.Build.0 = Benchmark|Any CPU
		{3E457A03-7DDB-4147-9AD0-EF4F82ED827D}.Benchmark|x86.ActiveCfg = Benchmark|Any CPU
		{3E457A03-7DDB-4147-9AD0-EF4F82ED827D}.Benchmark|x86.Build.0 = Benchmark|Any CPU
		{3E457A03-7DDB-4147-9AD0-EF4F82ED827D}.Debug|Any CPU.ActiveCfg = Debug|Any CPU
		{3E457A03-7DDB-4147-9AD0-EF4F82ED827D}.Debug|Any CPU.Build.0 = Debug|Any CPU
		{3E457A03-7DDB-4147-9AD0-EF4F82ED827D}.Debug|x64.ActiveCfg = Debug|Any CPU
		{3E457A03-7DDB-4147-9AD0-EF4F82ED827D}.Debug|x64.Build.0 = Debug|Any CPU
		{3E457A03-7DDB-4147-9AD0-EF4F82ED827D}.Debug|x86.ActiveCfg = Debug|Any CPU
		{3E457A03-7DDB-4147-9AD0-EF4F82ED827D}.Debug|x86.Build.0 = Debug|Any CPU
		{3E457A03-7DDB-4147-9AD0-EF4F82ED827D}.Release|Any CPU.ActiveCfg = Release|Any CPU
		{3E457A03-7DDB-4147-9AD0-EF4F82ED827D}.Release|Any CPU.Build.0 = Release|Any CPU
		{3E457A03-7DDB-4147-9AD0-EF4F82ED827D}.Release|x64.ActiveCfg = Release|Any CPU
		{3E457A03-7DDB-4147-9AD0-EF4F82ED827D}.Release|x64.Build.0 = Release|Any CPU
		{3E457A03-7DDB-4147-9AD0-EF4F82ED827D}.Release|x86.ActiveCfg = Release|Any CPU
		{3E457A03-7DDB-4147-9AD0-EF4F82ED827D}.Release|x86.Build.0 = Release|Any CPU
		{A54BE64A-0358-4F66-A83F-E610C842F922}.Benchmark|Any CPU.ActiveCfg = Release|Any CPU
		{A54BE64A-0358-4F66-A83F-E610C842F922}.Benchmark|Any CPU.Build.0 = Release|Any CPU
		{A54BE64A-0358-4F66-A83F-E610C842F922}.Benchmark|x64.ActiveCfg = Benchmark|Any CPU
		{A54BE64A-0358-4F66-A83F-E610C842F922}.Benchmark|x64.Build.0 = Benchmark|Any CPU
		{A54BE64A-0358-4F66-A83F-E610C842F922}.Benchmark|x86.ActiveCfg = Benchmark|Any CPU
		{A54BE64A-0358-4F66-A83F-E610C842F922}.Benchmark|x86.Build.0 = Benchmark|Any CPU
		{A54BE64A-0358-4F66-A83F-E610C842F922}.Debug|Any CPU.ActiveCfg = Debug|Any CPU
		{A54BE64A-0358-4F66-A83F-E610C842F922}.Debug|Any CPU.Build.0 = Debug|Any CPU
		{A54BE64A-0358-4F66-A83F-E610C842F922}.Debug|x64.ActiveCfg = Debug|Any CPU
		{A54BE64A-0358-4F66-A83F-E610C842F922}.Debug|x64.Build.0 = Debug|Any CPU
		{A54BE64A-0358-4F66-A83F-E610C842F922}.Debug|x86.ActiveCfg = Debug|Any CPU
		{A54BE64A-0358-4F66-A83F-E610C842F922}.Debug|x86.Build.0 = Debug|Any CPU
		{A54BE64A-0358-4F66-A83F-E610C842F922}.Release|Any CPU.ActiveCfg = Release|Any CPU
		{A54BE64A-0358-4F66-A83F-E610C842F922}.Release|Any CPU.Build.0 = Release|Any CPU
		{A54BE64A-0358-4F66-A83F-E610C842F922}.Release|x64.ActiveCfg = Release|Any CPU
		{A54BE64A-0358-4F66-A83F-E610C842F922}.Release|x64.Build.0 = Release|Any CPU
		{A54BE64A-0358-4F66-A83F-E610C842F922}.Release|x86.ActiveCfg = Release|Any CPU
		{A54BE64A-0358-4F66-A83F-E610C842F922}.Release|x86.Build.0 = Release|Any CPU
		{545A3638-ACE2-494C-ABE7-FC47BED0005B}.Benchmark|Any CPU.ActiveCfg = Benchmark|Any CPU
		{545A3638-ACE2-494C-ABE7-FC47BED0005B}.Benchmark|Any CPU.Build.0 = Benchmark|Any CPU
		{545A3638-ACE2-494C-ABE7-FC47BED0005B}.Benchmark|x64.ActiveCfg = Benchmark|Any CPU
		{545A3638-ACE2-494C-ABE7-FC47BED0005B}.Benchmark|x64.Build.0 = Benchmark|Any CPU
		{545A3638-ACE2-494C-ABE7-FC47BED0005B}.Benchmark|x86.ActiveCfg = Benchmark|Any CPU
		{545A3638-ACE2-494C-ABE7-FC47BED0005B}.Benchmark|x86.Build.0 = Benchmark|Any CPU
		{545A3638-ACE2-494C-ABE7-FC47BED0005B}.Debug|Any CPU.ActiveCfg = Debug|Any CPU
		{545A3638-ACE2-494C-ABE7-FC47BED0005B}.Debug|Any CPU.Build.0 = Debug|Any CPU
		{545A3638-ACE2-494C-ABE7-FC47BED0005B}.Debug|x64.ActiveCfg = Debug|Any CPU
		{545A3638-ACE2-494C-ABE7-FC47BED0005B}.Debug|x64.Build.0 = Debug|Any CPU
		{545A3638-ACE2-494C-ABE7-FC47BED0005B}.Debug|x86.ActiveCfg = Debug|Any CPU
		{545A3638-ACE2-494C-ABE7-FC47BED0005B}.Debug|x86.Build.0 = Debug|Any CPU
		{545A3638-ACE2-494C-ABE7-FC47BED0005B}.Release|Any CPU.ActiveCfg = Release|Any CPU
		{545A3638-ACE2-494C-ABE7-FC47BED0005B}.Release|Any CPU.Build.0 = Release|Any CPU
		{545A3638-ACE2-494C-ABE7-FC47BED0005B}.Release|x64.ActiveCfg = Release|Any CPU
		{545A3638-ACE2-494C-ABE7-FC47BED0005B}.Release|x64.Build.0 = Release|Any CPU
		{545A3638-ACE2-494C-ABE7-FC47BED0005B}.Release|x86.ActiveCfg = Release|Any CPU
		{545A3638-ACE2-494C-ABE7-FC47BED0005B}.Release|x86.Build.0 = Release|Any CPU
		{0C07CF89-D981-47D9-AA73-3F9E673A6E68}.Benchmark|Any CPU.ActiveCfg = Debug|Any CPU
		{0C07CF89-D981-47D9-AA73-3F9E673A6E68}.Benchmark|Any CPU.Build.0 = Debug|Any CPU
		{0C07CF89-D981-47D9-AA73-3F9E673A6E68}.Benchmark|x64.ActiveCfg = Debug|Any CPU
		{0C07CF89-D981-47D9-AA73-3F9E673A6E68}.Benchmark|x64.Build.0 = Debug|Any CPU
		{0C07CF89-D981-47D9-AA73-3F9E673A6E68}.Benchmark|x86.ActiveCfg = Debug|Any CPU
		{0C07CF89-D981-47D9-AA73-3F9E673A6E68}.Benchmark|x86.Build.0 = Debug|Any CPU
		{0C07CF89-D981-47D9-AA73-3F9E673A6E68}.Debug|Any CPU.ActiveCfg = Debug|Any CPU
		{0C07CF89-D981-47D9-AA73-3F9E673A6E68}.Debug|Any CPU.Build.0 = Debug|Any CPU
		{0C07CF89-D981-47D9-AA73-3F9E673A6E68}.Debug|x64.ActiveCfg = Debug|Any CPU
		{0C07CF89-D981-47D9-AA73-3F9E673A6E68}.Debug|x64.Build.0 = Debug|Any CPU
		{0C07CF89-D981-47D9-AA73-3F9E673A6E68}.Debug|x86.ActiveCfg = Debug|Any CPU
		{0C07CF89-D981-47D9-AA73-3F9E673A6E68}.Debug|x86.Build.0 = Debug|Any CPU
		{0C07CF89-D981-47D9-AA73-3F9E673A6E68}.Release|Any CPU.ActiveCfg = Release|Any CPU
		{0C07CF89-D981-47D9-AA73-3F9E673A6E68}.Release|Any CPU.Build.0 = Release|Any CPU
		{0C07CF89-D981-47D9-AA73-3F9E673A6E68}.Release|x64.ActiveCfg = Release|Any CPU
		{0C07CF89-D981-47D9-AA73-3F9E673A6E68}.Release|x64.Build.0 = Release|Any CPU
		{0C07CF89-D981-47D9-AA73-3F9E673A6E68}.Release|x86.ActiveCfg = Release|Any CPU
		{0C07CF89-D981-47D9-AA73-3F9E673A6E68}.Release|x86.Build.0 = Release|Any CPU
		{02808B11-6792-4B5C-BD7F-CD6E304DF3D1}.Benchmark|Any CPU.ActiveCfg = Debug|Any CPU
		{02808B11-6792-4B5C-BD7F-CD6E304DF3D1}.Benchmark|Any CPU.Build.0 = Debug|Any CPU
		{02808B11-6792-4B5C-BD7F-CD6E304DF3D1}.Benchmark|x64.ActiveCfg = Debug|Any CPU
		{02808B11-6792-4B5C-BD7F-CD6E304DF3D1}.Benchmark|x64.Build.0 = Debug|Any CPU
		{02808B11-6792-4B5C-BD7F-CD6E304DF3D1}.Benchmark|x86.ActiveCfg = Debug|Any CPU
		{02808B11-6792-4B5C-BD7F-CD6E304DF3D1}.Benchmark|x86.Build.0 = Debug|Any CPU
		{02808B11-6792-4B5C-BD7F-CD6E304DF3D1}.Debug|Any CPU.ActiveCfg = Debug|Any CPU
		{02808B11-6792-4B5C-BD7F-CD6E304DF3D1}.Debug|Any CPU.Build.0 = Debug|Any CPU
		{02808B11-6792-4B5C-BD7F-CD6E304DF3D1}.Debug|x64.ActiveCfg = Debug|Any CPU
		{02808B11-6792-4B5C-BD7F-CD6E304DF3D1}.Debug|x64.Build.0 = Debug|Any CPU
		{02808B11-6792-4B5C-BD7F-CD6E304DF3D1}.Debug|x86.ActiveCfg = Debug|Any CPU
		{02808B11-6792-4B5C-BD7F-CD6E304DF3D1}.Debug|x86.Build.0 = Debug|Any CPU
		{02808B11-6792-4B5C-BD7F-CD6E304DF3D1}.Release|Any CPU.ActiveCfg = Release|Any CPU
		{02808B11-6792-4B5C-BD7F-CD6E304DF3D1}.Release|Any CPU.Build.0 = Release|Any CPU
		{02808B11-6792-4B5C-BD7F-CD6E304DF3D1}.Release|x64.ActiveCfg = Release|Any CPU
		{02808B11-6792-4B5C-BD7F-CD6E304DF3D1}.Release|x64.Build.0 = Release|Any CPU
		{02808B11-6792-4B5C-BD7F-CD6E304DF3D1}.Release|x86.ActiveCfg = Release|Any CPU
		{02808B11-6792-4B5C-BD7F-CD6E304DF3D1}.Release|x86.Build.0 = Release|Any CPU
		{81DF8288-AE35-42D1-BDE5-1BA3DA8875CA}.Benchmark|Any CPU.ActiveCfg = Debug|Any CPU
		{81DF8288-AE35-42D1-BDE5-1BA3DA8875CA}.Benchmark|Any CPU.Build.0 = Debug|Any CPU
		{81DF8288-AE35-42D1-BDE5-1BA3DA8875CA}.Benchmark|x64.ActiveCfg = Debug|Any CPU
		{81DF8288-AE35-42D1-BDE5-1BA3DA8875CA}.Benchmark|x64.Build.0 = Debug|Any CPU
		{81DF8288-AE35-42D1-BDE5-1BA3DA8875CA}.Benchmark|x86.ActiveCfg = Debug|Any CPU
		{81DF8288-AE35-42D1-BDE5-1BA3DA8875CA}.Benchmark|x86.Build.0 = Debug|Any CPU
		{81DF8288-AE35-42D1-BDE5-1BA3DA8875CA}.Debug|Any CPU.ActiveCfg = Debug|Any CPU
		{81DF8288-AE35-42D1-BDE5-1BA3DA8875CA}.Debug|Any CPU.Build.0 = Debug|Any CPU
		{81DF8288-AE35-42D1-BDE5-1BA3DA8875CA}.Debug|x64.ActiveCfg = Debug|Any CPU
		{81DF8288-AE35-42D1-BDE5-1BA3DA8875CA}.Debug|x64.Build.0 = Debug|Any CPU
		{81DF8288-AE35-42D1-BDE5-1BA3DA8875CA}.Debug|x86.ActiveCfg = Debug|Any CPU
		{81DF8288-AE35-42D1-BDE5-1BA3DA8875CA}.Debug|x86.Build.0 = Debug|Any CPU
		{81DF8288-AE35-42D1-BDE5-1BA3DA8875CA}.Release|Any CPU.ActiveCfg = Release|Any CPU
		{81DF8288-AE35-42D1-BDE5-1BA3DA8875CA}.Release|Any CPU.Build.0 = Release|Any CPU
		{81DF8288-AE35-42D1-BDE5-1BA3DA8875CA}.Release|x64.ActiveCfg = Release|Any CPU
		{81DF8288-AE35-42D1-BDE5-1BA3DA8875CA}.Release|x64.Build.0 = Release|Any CPU
		{81DF8288-AE35-42D1-BDE5-1BA3DA8875CA}.Release|x86.ActiveCfg = Release|Any CPU
		{81DF8288-AE35-42D1-BDE5-1BA3DA8875CA}.Release|x86.Build.0 = Release|Any CPU
		{C5E72A1C-ADD1-4A82-B547-83735196E62C}.Benchmark|Any CPU.ActiveCfg = Debug|Any CPU
		{C5E72A1C-ADD1-4A82-B547-83735196E62C}.Benchmark|Any CPU.Build.0 = Debug|Any CPU
		{C5E72A1C-ADD1-4A82-B547-83735196E62C}.Benchmark|x64.ActiveCfg = Debug|Any CPU
		{C5E72A1C-ADD1-4A82-B547-83735196E62C}.Benchmark|x64.Build.0 = Debug|Any CPU
		{C5E72A1C-ADD1-4A82-B547-83735196E62C}.Benchmark|x86.ActiveCfg = Debug|Any CPU
		{C5E72A1C-ADD1-4A82-B547-83735196E62C}.Benchmark|x86.Build.0 = Debug|Any CPU
		{C5E72A1C-ADD1-4A82-B547-83735196E62C}.Debug|Any CPU.ActiveCfg = Debug|Any CPU
		{C5E72A1C-ADD1-4A82-B547-83735196E62C}.Debug|Any CPU.Build.0 = Debug|Any CPU
		{C5E72A1C-ADD1-4A82-B547-83735196E62C}.Debug|x64.ActiveCfg = Debug|Any CPU
		{C5E72A1C-ADD1-4A82-B547-83735196E62C}.Debug|x64.Build.0 = Debug|Any CPU
		{C5E72A1C-ADD1-4A82-B547-83735196E62C}.Debug|x86.ActiveCfg = Debug|Any CPU
		{C5E72A1C-ADD1-4A82-B547-83735196E62C}.Debug|x86.Build.0 = Debug|Any CPU
		{C5E72A1C-ADD1-4A82-B547-83735196E62C}.Release|Any CPU.ActiveCfg = Release|Any CPU
		{C5E72A1C-ADD1-4A82-B547-83735196E62C}.Release|Any CPU.Build.0 = Release|Any CPU
		{C5E72A1C-ADD1-4A82-B547-83735196E62C}.Release|x64.ActiveCfg = Release|Any CPU
		{C5E72A1C-ADD1-4A82-B547-83735196E62C}.Release|x64.Build.0 = Release|Any CPU
		{C5E72A1C-ADD1-4A82-B547-83735196E62C}.Release|x86.ActiveCfg = Release|Any CPU
		{C5E72A1C-ADD1-4A82-B547-83735196E62C}.Release|x86.Build.0 = Release|Any CPU
		{42082C89-A699-0121-A260-7DC550ADA847}.Benchmark|Any CPU.ActiveCfg = Debug|Any CPU
		{42082C89-A699-0121-A260-7DC550ADA847}.Benchmark|Any CPU.Build.0 = Debug|Any CPU
		{42082C89-A699-0121-A260-7DC550ADA847}.Benchmark|x64.ActiveCfg = Debug|Any CPU
		{42082C89-A699-0121-A260-7DC550ADA847}.Benchmark|x64.Build.0 = Debug|Any CPU
		{42082C89-A699-0121-A260-7DC550ADA847}.Benchmark|x86.ActiveCfg = Debug|Any CPU
		{42082C89-A699-0121-A260-7DC550ADA847}.Benchmark|x86.Build.0 = Debug|Any CPU
		{42082C89-A699-0121-A260-7DC550ADA847}.Debug|Any CPU.ActiveCfg = Debug|Any CPU
		{42082C89-A699-0121-A260-7DC550ADA847}.Debug|Any CPU.Build.0 = Debug|Any CPU
		{42082C89-A699-0121-A260-7DC550ADA847}.Debug|x64.ActiveCfg = Debug|Any CPU
		{42082C89-A699-0121-A260-7DC550ADA847}.Debug|x64.Build.0 = Debug|Any CPU
		{42082C89-A699-0121-A260-7DC550ADA847}.Debug|x86.ActiveCfg = Debug|Any CPU
		{42082C89-A699-0121-A260-7DC550ADA847}.Debug|x86.Build.0 = Debug|Any CPU
		{42082C89-A699-0121-A260-7DC550ADA847}.Release|Any CPU.ActiveCfg = Release|Any CPU
		{42082C89-A699-0121-A260-7DC550ADA847}.Release|Any CPU.Build.0 = Release|Any CPU
		{42082C89-A699-0121-A260-7DC550ADA847}.Release|x64.ActiveCfg = Release|Any CPU
		{42082C89-A699-0121-A260-7DC550ADA847}.Release|x64.Build.0 = Release|Any CPU
		{42082C89-A699-0121-A260-7DC550ADA847}.Release|x86.ActiveCfg = Release|Any CPU
		{42082C89-A699-0121-A260-7DC550ADA847}.Release|x86.Build.0 = Release|Any CPU
	EndGlobalSection
	GlobalSection(SolutionProperties) = preSolution
		HideSolutionNode = FALSE
	EndGlobalSection
	GlobalSection(ExtensibilityGlobals) = postSolution
		SolutionGuid = {02DFE594-86A3-4EA5-8D0B-4D704E62CBAC}
	EndGlobalSection
EndGlobal
